
Microsoft Visual Studio Solution File, Format Version 12.00
# Visual Studio Version 16
VisualStudioVersion = 16.0.30413.136
MinimumVisualStudioVersion = 10.0.40219.1
Project("{FAE04EC0-301F-11D3-BF4B-00C04F79EFBC}") = "KatexSharpRunnerSample", "KatexSharpRunnerSample\KatexSharpRunnerSample.csproj", "{B048A72E-12ED-446E-85FA-F23974B2D6FB}"
EndProject
Global
	GlobalSection(SolutionConfigurationPlatforms) = preSolution
		Debug|Any CPU = Debug|Any CPU
		Release|Any CPU = Release|Any CPU
	EndGlobalSection
	GlobalSection(ProjectConfigurationPlatforms) = postSolution
		{B048A72E-12ED-446E-85FA-F23974B2D6FB}.Debug|Any CPU.ActiveCfg = Debug|Any CPU
		{B048A72E-12ED-446E-85FA-F23974B2D6FB}.Debug|Any CPU.Build.0 = Debug|Any CPU
		{B048A72E-12ED-446E-85FA-F23974B2D6FB}.Release|Any CPU.ActiveCfg = Release|Any CPU
		{B048A72E-12ED-446E-85FA-F23974B2D6FB}.Release|Any CPU.Build.0 = Release|Any CPU
	EndGlobalSection
	GlobalSection(SolutionProperties) = preSolution
		HideSolutionNode = FALSE
	EndGlobalSection
	GlobalSection(ExtensibilityGlobals) = postSolution
		SolutionGuid = {226CDD25-FFDD-42F7-B8BA-550CEC2990C5}
	EndGlobalSection
EndGlobal
